
Microsoft Visual Studio Solution File, Format Version 12.00
# Visual Studio Version 16
VisualStudioVersion = 16.0.29306.81
MinimumVisualStudioVersion = 10.0.40219.1
Project("{FAE04EC0-301F-11D3-BF4B-00C04F79EFBC}") = "ObjectsAndClasses", "ObjectsAndClasses\ObjectsAndClasses.csproj", "{3CC71FD6-9112-4002-92B9-6D07476FED5F}"
EndProject
Global
	GlobalSection(SolutionConfigurationPlatforms) = preSolution
		Debug|Any CPU = Debug|Any CPU
		Release|Any CPU = Release|Any CPU
	EndGlobalSection
	GlobalSection(ProjectConfigurationPlatforms) = postSolution
		{3CC71FD6-9112-4002-92B9-6D07476FED5F}.Debug|Any CPU.ActiveCfg = Debug|Any CPU
		{3CC71FD6-9112-4002-92B9-6D07476FED5F}.Debug|Any CPU.Build.0 = Debug|Any CPU
		{3CC71FD6-9112-4002-92B9-6D07476FED5F}.Release|Any CPU.ActiveCfg = Release|Any CPU
		{3CC71FD6-9112-4002-92B9-6D07476FED5F}.Release|Any CPU.Build.0 = Release|Any CPU
	EndGlobalSection
	GlobalSection(SolutionProperties) = preSolution
		HideSolutionNode = FALSE
	EndGlobalSection
	GlobalSection(ExtensibilityGlobals) = postSolution
		SolutionGuid = {2E3F5792-A09A-41B7-A1E5-F00BE361CE33}
	EndGlobalSection
EndGlobal
